github.com/Masterminds/semver/v3 v3.4.0 h1:Zog+i5UMtVoCU8oKka5P7i9q9HgrJeGzI9SA1Xbatp0=
github.com/Masterminds/semver/v3 v3.4.0/go.mod h1:4V+yj/TJE1HU9XfppCwVMZq3I84lprf4nC11bSS5beM=
github.com/alexflint/go-arg v1.6.0 h1:wPP9TwTPO54fUVQl4nZoxbFfKCcy5E6HBCumj1XVRSo=
github.com/alexflint/go-arg v1.6.0/go.mod h1:A7vTJzvjoaSTypg4biM5uYNTkJ27SkNTArtYXnlqVO8=
github.com/alexflint/go-scalar v1.2.0 h1:WR7JPKkeNpnYIOfHRa7ivM21aWAdHD0gEWHCx+WQBRw=
github.com/alexflint/go-scalar v1.2.0/go.mod h1:LoFvNMqS1CPrMVltza4LvnGKhaSpc3oyLEBUZVhhS2o=
github.com/aws/aws-cdk-go/awscdk/v2 v2.225.0 h1:MdiKSQ/DGT7LLk0Ib7zZy3rNmnaJRs18GEZjVasokOI=
github.com/aws/aws-cdk-go/awscdk/v2 v2.225.0/go.mod h1:EsSENvkUgROR6gLf8pGk/tRvNFanSdp7Gn5cLXBRyxY=
github.com/aws/aws-lambda-go v1.50.0 h1:0GzY18vT4EsCvIyk3kn3ZH5Jg30NRlgYaai1w0aGPMU=
github.com/aws/aws-lambda-go v1.50.0/go.mod h1:dpMpZgvWx5vuQJfBt0zqBha60q7Dd7RfgJv23DymV8A=
github.com/aws/aws-sdk-go-v2 v1.39.6 h1:2JrPCVgWJm7bm83BDwY5z8ietmeJUbh3O2ACnn+Xsqk=
github.com/aws/aws-sdk-go-v2 v1.39.6/go.mod h1:c9pm7VwuW0UPxAEYGyTmyurVcNrbF6Rt/wixFqDhcjE=
github.com/aws/aws-sdk-go-v2/aws/protocol/eventstream v1.7.3 h1:DHctwEM8P8iTXFxC/QK0MRjwEpWQeM9yzidCRjldUz0=
github.com/aws/aws-sdk-go-v2/aws/protocol/eventstream v1.7.3/go.mod h1:xdCzcZEtnSTKVDOmUZs4l/j3pSV6rpo1WXl5ugNsL8Y=
github.com/aws/aws-sdk-go-v2/config v1.31.20 h1:/jWF4Wu90EhKCgjTdy1DGxcbcbNrjfBHvksEL79tfQc=
github.com/aws/aws-sdk-go-v2/config v1.31.20/go.mod h1:95Hh1Tc5VYKL9NJ7tAkDcqeKt+MCXQB1hQZaRdJIZE0=
github.com/aws/aws-sdk-go-v2/credentials v1.18.24 h1:iJ2FmPT35EaIB0+kMa6TnQ+PwG5A1prEdAw+PsMzfHg=
github.com/aws/aws-sdk-go-v2/credentials v1.18.24/go.mod h1:U91+DrfjAiXPDEGYhh/x29o4p0qHX5HDqG7y5VViv64=
github.com/aws/aws-sdk-go-v2/feature/ec2/imds v1.18.13 h1:T1brd5dR3/fzNFAQch/iBKeX07/ffu/cLu+q+RuzEWk=
github.com/aws/aws-sdk-go-v2/feature/ec2/imds v1.18.13/go.mod h1:Peg/GBAQ6JDt+RoBf4meB1wylmAipb7Kg2ZFakZTlwk=
github.com/aws/aws-sdk-go-v2/internal/configsources v1.4.13 h1:a+8/MLcWlIxo1lF9xaGt3J/u3yOZx+CdSveSNwjhD40=
github.com/aws/aws-sdk-go-v2/internal/configsources v1.4.13/go.mod h1:oGnKwIYZ4XttyU2JWxFrwvhF6YKiK/9/wmE3v3Iu9K8=
github.com/aws/aws-sdk-go-v2/internal/endpoints/v2 v2.7.13 h1:HBSI2kDkMdWz4ZM7FjwE7e/pWDEZ+nR95x8Ztet1ooY=
github.com/aws/aws-sdk-go-v2/internal/endpoints/v2 v2.7.13/go.mod h1:YE94ZoDArI7awZqJzBAZ3PDD2zSfuP7w6P2knOzIn8M=
github.com/aws/aws-sdk-go-v2/internal/ini v1.8.4 h1:WKuaxf++XKWlHWu9ECbMlha8WOEGm0OUEZqm4K/Gcfk=
github.com/aws/aws-sdk-go-v2/internal/ini v1.8.4/go.mod h1:ZWy7j6v1vWGmPReu0iSGvRiise4YI5SkR3OHKTZ6Wuc=
github.com/aws/aws-sdk-go-v2/service/cloudwatchlogs v1.58.9 h1:+NSIzl59vBK3g3nLUuLSb/I2F2OIucW6hX/B+NAPWDg=
github.com/aws/aws-sdk-go-v2/service/cloudwatchlogs v1.58.9/go.mod h1:9/Q0/HtqBTLMksFse42wZjUq0jJrUuo4XlnXy/uSoeg=
github.com/aws/aws-sdk-go-v2/service/ec2 v1.270.0 h1:P/45prprtc7hYQMqrRI799Xoj4oKBDZkS0QoblLjAlE=
github.com/aws/aws-sdk-go-v2/service/ec2 v1.270.0/go.mod h1:NDdDLLW5PtLLXN661gKcvJvqAH5OBXsfhMlmKVu1/pY=
github.com/aws/aws-sdk-go-v2/service/ecs v1.67.4 h1:5tbrRKMqXCiMg0+7E21TiAvVJEt8uB+7d5FQ8+Fusqo=
github.com/aws/aws-sdk-go-v2/service/ecs v1.67.4/go.mod h1:rrhqfkXfa2DSNq0RyFhnnFEAyI+yJB4+2QlZKeJvMjs=
github.com/aws/aws-sdk-go-v2/service/internal/accept-encoding v1.13.3 h1:x2Ibm/Af8Fi+BH+Hsn9TXGdT+hKbDd5XOTZxTMxDk7o=
github.com/aws/aws-sdk-go-v2/service/internal/accept-encoding v1.13.3/go.mod h1:IW1jwyrQgMdhisceG8fQLmQIydcT/jWY21rFhzgaKwo=
github.com/aws/aws-sdk-go-v2/service/internal/presigned-url v1.13.13 h1:kDqdFvMY4AtKoACfzIGD8A0+hbT41KTKF//gq7jITfM=
github.com/aws/aws-sdk-go-v2/service/internal/presigned-url v1.13.13/go.mod h1:lmKuogqSU3HzQCwZ9ZtcqOc5XGMqtDK7OIc2+DxiUEg=
github.com/aws/aws-sdk-go-v2/service/route53 v1.59.5 h1:4Uy8lhrh4E9jS/MtmzjuEuvX7zOZTbNuPe+zkvtvRRU=
github.com/aws/aws-sdk-go-v2/service/route53 v1.59.5/go.mod h1:TUbfYOisWZWyT2qjmlMh93ERw1Ry8G4q/yT2Q8TsDag=
github.com/aws/aws-sdk-go-v2/service/sns v1.39.5 h1:SKUhwz9XqabTspg48L5ZTP2D5pdbNHttPFeG0Fljqtg=
github.com/aws/aws-sdk-go-v2/service/sns v1.39.5/go.mod h1:1LvRsmADXI6174y66InuSDQiEztkQgCLbcw62VLC0FQ=
github.com/aws/aws-sdk-go-v2/service/sso v1.30.3 h1:NjShtS1t8r5LUfFVtFeI8xLAHQNTa7UI0VawXlrBMFQ=
github.com/aws/aws-sdk-go-v2/service/sso v1.30.3/go.mod h1:fKvyjJcz63iL/ftA6RaM8sRCtN4r4zl4tjL3qw5ec7k=
github.com/aws/aws-sdk-go-v2/service/ssooidc v1.35.7 h1:gTsnx0xXNQ6SBbymoDvcoRHL+q4l/dAFsQuKfDWSaGc=
github.com/aws/aws-sdk-go-v2/service/ssooidc v1.35.7/go.mod h1:klO+ejMvYsB4QATfEOIXk8WAEwN4N0aBfJpvC+5SZBo=
github.com/aws/aws-sdk-go-v2/service/sts v1.40.2 h1:HK5ON3KmQV2HcAunnx4sKLB9aPf3gKGwVAf7xnx0QT0=
github.com/aws/aws-sdk-go-v2/service/sts v1.40.2/go.mod h1:E19xDjpzPZC7LS2knI9E6BaRFDK43Eul7vd6rSq2HWk=
github.com/aws/constructs-go/constructs/v10 v10.4.3 h1:x2j8RzlBhjyQvK9aZ74C34bQkP+ORQHOn0ZAPz81l6I=
github.com/aws/constructs-go/constructs/v10 v10.4.3/go.mod h1:DIGkbU2Lety5CkEfL2MoJI2azg1p2xqpo8MXjp88qXE=
github.com/aws/jsii-runtime-go v1.119.0 h1:lqrlBOUxzthDn8Mtzw+1R1mu972KT8fFx2GnOgN4MUE=
github.com/aws/jsii-runtime-go v1.119.0/go.mod h1:67f+oydH0cMr//tkmNNj9QpKk02hNEEVu4CByxkpGB0=
github.com/aws/smithy-go v1.23.2 h1:Crv0eatJUQhaManss33hS5r40CG3ZFH+21XSkqMrIUM=
github.com/aws/smithy-go v1.23.2/go.mod h1:LEj2LM3rBRQJxPZTB4KuzZkaZYnZPnvgIhb4pu07mx0=
github.com/cdklabs/awscdk-asset-awscli-go/awscliv1/v2 v2.2.242 h1:S+uSK6PJ3gbS5imAcMT198W5a/kNbICkpLy0cpV7RO8=
github.com/cdklabs/awscdk-asset-awscli-go/awscliv1/v2 v2.2.242/go.mod h1:1FHlu1VKVvrE/Bmcow4crPddJlOWhEXde/Zi4TcUhkA=
github.com/cdklabs/awscdk-asset-node-proxy-agent-go/nodeproxyagentv6/v2 v2.1.0 h1:kElXjprC8wkpJu58vp+WFH6z0AJw4zitg5iSKJPKe3c=
github.com/cdklabs/awscdk-asset-node-proxy-agent-go/nodeproxyagentv6/v2 v2.1.0/go.mod h1:JY4UnvNa1YDGQ4H5wohXTHl6YVY3uCDUWl4JYUrQfb8=
github.com/cdklabs/cloud-assembly-schema-go/awscdkcloudassemblyschema/v48 v48.6.0 h1:SPHeyuUpzOIlOLoN3+GmXP9mnp1dg/vBQjMGcvjbUJY=
github.com/cdklabs/cloud-assembly-schema-go/awscdkcloudassemblyschema/v48 v48.6.0/go.mod h1:tU0qCwP3c5tGsT86aKrvjkd6i72pAJnIhcZfcsJfpKY=
github.com/davecgh/go-spew v1.1.1 h1:vj9j/u1bqnvCEfJOwUhtlOARqs3+rkHYY13jYWTU97c=
github.com/davecgh/go-spew v1.1.1/go.mod h1:J7Y8YcW2NihsgmVo/mv3lAwl/skON4iLHjSsI+c5H38=
github.com/fatih/color v1.18.0 h1:S8gINlzdQ840/4pfAwic/ZE0djQEH3wM94VfqLTZcOM=
github.com/fatih/color v1.18.0/go.mod h1:4FelSpRwEGDpQ12mAdzqdOukCy4u8WUtOY6lkT/6HfU=
github.com/go-ole/go-ole v1.2.6 h1:/Fpf6oFPoeFik9ty7siob0G6Ke8QvQEuVcuChpwXzpY=
github.com/go-ole/go-ole v1.2.6/go.mod h1:pprOEPIfldk/42T2oK7lQ4v4JSDwmV0As9GaiUsvbm0=
github.com/google/go-cmp v0.7.0 h1:wk8382ETsv4JYUZwIsn6YpYiWiBsYLSJiTsyBybVuN8=
github.com/google/go-cmp v0.7.0/go.mod h1:pXiqmnSA92OHEEa9HXL2W4E7lf9JzCmGVUdgjX3N/iU=
github.com/mattn/go-colorable v0.1.14 h1:9A9LHSqF/7dyVVX6g0U9cwm9pG3kP9gSzcuIPHPsaIE=
github.com/mattn/go-colorable v0.1.14/go.mod h1:6LmQG8QLFO4G5z1gPvYEzlUgJ2wF+stgPZH1UqBm1s8=
github.com/mattn/go-isatty v0.0.20 h1:xfD0iDuEKnDkl03q4limB+vH+GxLEtL/jb4xVJSWWEY=
github.com/mattn/go-isatty v0.0.20/go.mod h1:W+V8PltTTMOvKvAeJH7IuucS94S2C6jfK/D7dTCTo3Y=
github.com/pmezard/go-difflib v1.0.0 h1:4DBwDE0NGyQoBHbLQYPwSUPoCMWR5BEzIk/f1lZbAQM=
github.com/pmezard/go-difflib v1.0.0/go.mod h1:iKH77koFhYxTK1pcRnkKkqfTogsbg7gZNVY4sRDYZ/4=
github.com/shirou/gopsutil v3.21.11+incompatible h1:+1+c1VGhc88SSonWP6foOcLhvnKlUeu/erjjvaPEYiI=
github.com/shirou/gopsutil v3.21.11+incompatible/go.mod h1:5b4v6he4MtMOwMlS0TUMTu2PcXUg8+E1lC7eC3UO/RA=
github.com/stretchr/testify v1.2.2/go.mod h1:a8OnRcib4nhh0OaRAV+Yts87kKdq0PP7pXfy6kDkUVs=
github.com/stretchr/testify v1.11.1 h1:7s2iGBzp5EwR7/aIZr8ao5+dra3wiQyKjjFuvgVKu7U=
github.com/stretchr/testify v1.11.1/go.mod h1:wZwfW3scLgRK+23gO65QZefKpKQRnfz6sD981Nm4B6U=
github.com/yuin/goldmark v1.4.13 h1:fVcFKWvrslecOb/tg+Cc05dkeYx540o0FuFt3nUVDoE=
github.com/yuin/goldmark v1.4.13/go.mod h1:6yULJ656Px+3vBD8DxQVa3kxgyrAnzto9xy5taEt/CY=
github.com/yusufpapurcu/wmi v1.2.4 h1:zFUKzehAFReQwLys1b/iSMl+JQGSCSjtVqQn9bBrPo0=
github.com/yusufpapurcu/wmi v1.2.4/go.mod h1:SBZ9tNy3G9/m5Oi98Zks0QjeHVDvuK0qfxQmPyzfmi0=
golang.org/x/crypto v0.0.0-20190308221718-c2843e01d9a2/go.mod h1:djNgcEr1/C05ACkg1iLfiJU5Ep61QUkGW8qpdssI0+w=
golang.org/x/crypto v0.0.0-20191011191535-87dc89f01550/go.mod h1:yigFU9vqHzYiE8UmvKecakEJjdnWj3jj499lnFckfCI=
golang.org/x/lint v0.0.0-20210508222113-6edffad5e616 h1:VLliZ0d+/avPrXXH+OakdXhpJuEoBZuwh1m2j7U6Iug=
golang.org/x/lint v0.0.0-20210508222113-6edffad5e616/go.mod h1:3xt1FjdF8hUf6vQPIChWIBhFzV8gjjsPE/fR3IyQdNY=
golang.org/x/mod v0.1.1-0.20191105210325-c90efee705ee/go.mod h1:QqPTAvyqsEbceGzBzNggFXnrqF1CaUcvgkdR5Ot7KZg=
golang.org/x/mod v0.27.0 h1:kb+q2PyFnEADO2IEF935ehFUXlWiNjJWtRNgBLSfbxQ=
golang.org/x/mod v0.27.0/go.mod h1:rWI627Fq0DEoudcK+MBkNkCe0EetEaDSwJJkCcjpazc=
golang.org/x/net v0.0.0-20190404232315-eb5bcb51f2a3/go.mod h1:t9HGtf8HONx5eT2rtn7q6eTqICYqUVnKs3thJo3Qplg=
golang.org/x/net v0.0.0-20190620200207-3b0461eec859/go.mod h1:z5CRVTTTmAJ677TzLLGU+0bjPO0LkuOLi4/5GtJWs/s=
golang.org/x/sync v0.0.0-20190423024810-112230192c58/go.mod h1:RxMgew5VJxzue5/jJTE5uejpjVlOe/izrB70Jof72aM=
golang.org/x/sync v0.16.0 h1:ycBJEhp9p4vXvUZNszeOq0kGTPghopOL8q0fq3vstxw=
golang.org/x/sync v0.16.0/go.mod h1:1dzgHSNfp02xaA81J2MS99Qcpr2w7fw1gpm99rleRqA=
golang.org/x/sys v0.0.0-20190215142949-d0b11bdaac8a/go.mod h1:STP8DvDyc/dI5b8T5hshtkjS+E42TnysNCUPdjciGhY=
golang.org/x/sys v0.0.0-20190412213103-97732733099d/go.mod h1:h1NjWce9XRLGQEsW7wpKNCjG9DtNlClVuFLEZdDNbEs=
golang.org/x/sys v0.0.0-20190916202348-b4ddaad3f8a3/go.mod h1:h1NjWce9XRLGQEsW7wpKNCjG9DtNlClVuFLEZdDNbEs=
golang.org/x/sys v0.6.0/go.mod h1:oPkhp1MJrh7nUepCBck5+mAzfO9JrbApNNgaTdGDITg=
golang.org/x/sys v0.35.0 h1:vz1N37gP5bs89s7He8XuIYXpyY0+QlsKmzipCbUtyxI=
golang.org/x/sys v0.35.0/go.mod h1:BJP2sWEmIv4KK5OTEluFJCKSidICx8ciO85XgH3Ak8k=
golang.org/x/text v0.3.0/go.mod h1:NqM8EUOU14njkJ3fqMW+pc6Ldnwhi/IjpwHt7yyuwOQ=
golang.org/x/tools v0.0.0-20200130002326-2f3ba24bd6e7/go.mod h1:TB2adYChydJhpapKDTa4BR/hXlZSLoq2Wpct/0txZ28=
golang.org/x/tools v0.36.0 h1:kWS0uv/zsvHEle1LbV5LE8QujrxB3wfQyxHfhOk0Qkg=
golang.org/x/tools v0.36.0/go.mod h1:WBDiHKJK8YgLHlcQPYQzNCkUxUypCaa5ZegCVutKm+s=
golang.org/x/xerrors v0.0.0-20191011141410-1b5146add898/go.mod h1:I/5z698sn9Ka8TeJc9MKroUUfqBBauWjQqLJ2OPfmY0=
gopkg.in/yaml.v3 v3.0.1 h1:fxVm/GzAzEWqLHuvctI91KS9hhNmmWOoWu0XTYJS7CA=
gopkg.in/yaml.v3 v3.0.1/go.mod h1:K4uyk7z7BCEPqu6E+C64Yfv1cQ7kz7rIZviUmN+EgEM=
